// !$*UTF8*$!
{
	archiveVersion = 1;
	classes = {
	};
	objectVersion = 77;
	objects = {

/* Begin PBXBuildFile section */
		D9CA11012FF1000000000001 /* MemoriesWidgetExtension.appex in Embed App Extensions */ = {isa = PBXBuildFile; fileRef = D9CA11032FF1000000000003 /* MemoriesWidgetExtension.appex */; settings = {ATTRIBUTES = (RemoveHeadersOnCopy, ); }; };
/* End PBXBuildFile section */

/* Begin PBXContainerItemProxy section */
		D9CA11022FF1000000000002 /* PBXContainerItemProxy */ = {
			isa = PBXContainerItemProxy;
			containerPortal = D9CF3A702FE159CD00ECB6F7 /* Project object */;
			proxyType = 1;
			remoteGlobalIDString = D9CA11092FF1000000000009;
			remoteInfo = MemoriesWidgetExtension;
		};
		D9CF4B0A2FEA000000ECB6F7 /* PBXContainerItemProxy */ = {
			isa = PBXContainerItemProxy;
			containerPortal = D9CF3A702FE159CD00ECB6F7 /* Project object */;
			proxyType = 1;
			remoteGlobalIDString = D9CF3A772FE159CD00ECB6F7;
			remoteInfo = Memories;
		};
/* End PBXContainerItemProxy section */

/* Begin PBXCopyFilesBuildPhase section */
		D9CA11052FF1000000000005 /* Embed App Extensions */ = {
			isa = PBXCopyFilesBuildPhase;
			buildActionMask = 2147483647;
			dstPath = "";
			dstSubfolderSpec = 13;
			files = (
				D9CA11012FF1000000000001 /* MemoriesWidgetExtension.appex in Embed App Extensions */,
			);
			name = "Embed App Extensions";
			runOnlyForDeploymentPostprocessing = 0;
		};
/* End PBXCopyFilesBuildPhase section */

/* Begin PBXFileReference section */
		D9CA11032FF1000000000003 /* MemoriesWidgetExtension.appex */ = {isa = PBXFileReference; explicitFileType = "wrapper.app-extension"; includeInIndex = 0; path = MemoriesWidgetExtension.appex; sourceTree = BUILT_PRODUCTS_DIR; };
		D9CF3A782FE159CD00ECB6F7 /* Memories.app */ = {isa = PBXFileReference; explicitFileType = wrapper.application; includeInIndex = 0; path = Memories.app; sourceTree = BUILT_PRODUCTS_DIR; };
		D9CF3BEA2FE3A6C800ECB6F7 /* Memories.storekit */ = {isa = PBXFileReference; lastKnownFileType = text; name = Memories.storekit; path = StoreKit/Memories.storekit; sourceTree = "<group>"; };
		D9CF4B002FEA000000ECB6F7 /* MemoriesTests.xctest */ = {isa = PBXFileReference; explicitFileType = wrapper.cfbundle; includeInIndex = 0; path = MemoriesTests.xctest; sourceTree = BUILT_PRODUCTS_DIR; };
/* End PBXFileReference section */

/* Begin PBXFileSystemSynchronizedBuildFileExceptionSet section */
		D9CA11102FF1000000000010 /* Exceptions for "Memories" folder in "Memories" target */ = {
			isa = PBXFileSystemSynchronizedBuildFileExceptionSet;
			membershipExceptions = (
				Info.plist,
			);
			target = D9CF3A772FE159CD00ECB6F7 /* Memories */;
		};
		D9CA11112FF1000000000011 /* Exceptions for "MemoriesWidgetExtension" folder in "MemoriesWidgetExtension" target */ = {
			isa = PBXFileSystemSynchronizedBuildFileExceptionSet;
			membershipExceptions = (
				Info.plist,
			);
			target = D9CA11092FF1000000000009 /* MemoriesWidgetExtension */;
		};
/* End PBXFileSystemSynchronizedBuildFileExceptionSet section */

/* Begin PBXFileSystemSynchronizedRootGroup section */
		D9CA11042FF1000000000004 /* MemoriesWidgetExtension */ = {
			isa = PBXFileSystemSynchronizedRootGroup;
			exceptions = (
				D9CA11112FF1000000000011 /* Exceptions for "MemoriesWidgetExtension" folder in "MemoriesWidgetExtension" target */,
			);
			path = MemoriesWidgetExtension;
			sourceTree = "<group>";
		};
		D9CF3A7A2FE159CD00ECB6F7 /* Memories */ = {
			isa = PBXFileSystemSynchronizedRootGroup;
			exceptions = (
				D9CA11102FF1000000000010 /* Exceptions for "Memories" folder in "Memories" target */,
			);
			path = Memories;
			sourceTree = "<group>";
		};
		D9CF4B012FEA000000ECB6F7 /* MemoriesTests */ = {
			isa = PBXFileSystemSynchronizedRootGroup;
			path = MemoriesTests;
			sourceTree = "<group>";
		};
/* End PBXFileSystemSynchronizedRootGroup section */

/* Begin PBXFrameworksBuildPhase section */
		D9CA11062FF1000000000006 /* Frameworks */ = {
			isa = PBXFrameworksBuildPhase;
			buildActionMask = 2147483647;
			files = (
			);
			runOnlyForDeploymentPostprocessing = 0;
		};
		D9CF3A752FE159CD00ECB6F7 /* Frameworks */ = {
			isa = PBXFrameworksBuildPhase;
			buildActionMask = 2147483647;
			files = (
			);
			runOnlyForDeploymentPostprocessing = 0;
		};
		D9CF4B022FEA000000ECB6F7 /* Frameworks */ = {
			isa = PBXFrameworksBuildPhase;
			buildActionMask = 2147483647;
			files = (
			);
			runOnlyForDeploymentPostprocessing = 0;
		};
/* End PBXFrameworksBuildPhase section */

/* Begin PBXGroup section */
		D9CF3A6F2FE159CD00ECB6F7 = {
			isa = PBXGroup;
			children = (
				D9CF3BEA2FE3A6C800ECB6F7 /* Memories.storekit */,
				D9CF3A7A2FE159CD00ECB6F7 /* Memories */,
				D9CF4B012FEA000000ECB6F7 /* MemoriesTests */,
				D9CA11042FF1000000000004 /* MemoriesWidgetExtension */,
				D9CF3A792FE159CD00ECB6F7 /* Products */,
			);
			sourceTree = "<group>";
		};
		D9CF3A792FE159CD00ECB6F7 /* Products */ = {
			isa = PBXGroup;
			children = (
				D9CF3A782FE159CD00ECB6F7 /* Memories.app */,
				D9CF4B002FEA000000ECB6F7 /* MemoriesTests.xctest */,
				D9CA11032FF1000000000003 /* MemoriesWidgetExtension.appex */,
			);
			name = Products;
			sourceTree = "<group>";
		};
/* End PBXGroup section */

/* Begin PBXNativeTarget section */
		D9CA11092FF1000000000009 /* MemoriesWidgetExtension */ = {
			isa = PBXNativeTarget;
			buildConfigurationList = D9CA110D2FF100000000000D /* Build configuration list for PBXNativeTarget "MemoriesWidgetExtension" */;
			buildPhases = (
				D9CA11082FF1000000000008 /* Sources */,
				D9CA11062FF1000000000006 /* Frameworks */,
				D9CA11072FF1000000000007 /* Resources */,
			);
			buildRules = (
			);
			dependencies = (
			);
			fileSystemSynchronizedGroups = (
				D9CA11042FF1000000000004 /* MemoriesWidgetExtension */,
			);
			name = MemoriesWidgetExtension;
			packageProductDependencies = (
			);
			productName = MemoriesWidgetExtension;
			productReference = D9CA11032FF1000000000003 /* MemoriesWidgetExtension.appex */;
			productType = "com.apple.product-type.app-extension";
		};
		D9CF3A772FE159CD00ECB6F7 /* Memories */ = {
			isa = PBXNativeTarget;
			buildConfigurationList = D9CF3A832FE159CE00ECB6F7 /* Build configuration list for PBXNativeTarget "Memories" */;
			buildPhases = (
				D9CF3A742FE159CD00ECB6F7 /* Sources */,
				D9CF3A752FE159CD00ECB6F7 /* Frameworks */,
				D9CF3A762FE159CD00ECB6F7 /* Resources */,
				D9CF3BEB2FE3B00000ECB6F7 /* Copy Debug StoreKit Configuration */,
				D9CA11052FF1000000000005 /* Embed App Extensions */,
			);
			buildRules = (
			);
			dependencies = (
				D9CA110A2FF100000000000A /* PBXTargetDependency */,
			);
			fileSystemSynchronizedGroups = (
				D9CF3A7A2FE159CD00ECB6F7 /* Memories */,
			);
			name = Memories;
			packageProductDependencies = (
			);
			productName = Memories;
			productReference = D9CF3A782FE159CD00ECB6F7 /* Memories.app */;
			productType = "com.apple.product-type.application";
		};
		D9CF4B052FEA000000ECB6F7 /* MemoriesTests */ = {
			isa = PBXNativeTarget;
			buildConfigurationList = D9CF4B062FEA000000ECB6F7 /* Build configuration list for PBXNativeTarget "MemoriesTests" */;
			buildPhases = (
				D9CF4B032FEA000000ECB6F7 /* Sources */,
				D9CF4B022FEA000000ECB6F7 /* Frameworks */,
				D9CF4B042FEA000000ECB6F7 /* Resources */,
			);
			buildRules = (
			);
			dependencies = (
				D9CF4B092FEA000000ECB6F7 /* PBXTargetDependency */,
			);
			fileSystemSynchronizedGroups = (
				D9CF4B012FEA000000ECB6F7 /* MemoriesTests */,
			);
			name = MemoriesTests;
			packageProductDependencies = (
			);
			productName = MemoriesTests;
			productReference = D9CF4B002FEA000000ECB6F7 /* MemoriesTests.xctest */;
			productType = "com.apple.product-type.bundle.unit-test";
		};
/* End PBXNativeTarget section */

/* Begin PBXProject section */
		D9CF3A702FE159CD00ECB6F7 /* Project object */ = {
			isa = PBXProject;
			attributes = {
				BuildIndependentTargetsInParallel = 1;
				LastSwiftUpdateCheck = 2650;
				LastUpgradeCheck = 2650;
				TargetAttributes = {
					D9CA11092FF1000000000009 = {
						CreatedOnToolsVersion = 26.5;
					};
					D9CF3A772FE159CD00ECB6F7 = {
						CreatedOnToolsVersion = 26.5;
					};
					D9CF4B052FEA000000ECB6F7 = {
						CreatedOnToolsVersion = 26.5;
						TestTargetID = D9CF3A772FE159CD00ECB6F7;
					};
				};
			};
			buildConfigurationList = D9CF3A732FE159CD00ECB6F7 /* Build configuration list for PBXProject "Memories" */;
			developmentRegion = en;
			hasScannedForEncodings = 0;
			knownRegions = (
				en,
				Base,
			);
			mainGroup = D9CF3A6F2FE159CD00ECB6F7;
			minimizedProjectReferenceProxies = 1;
			preferredProjectObjectVersion = 77;
			productRefGroup = D9CF3A792FE159CD00ECB6F7 /* Products */;
			projectDirPath = "";
			projectRoot = "";
			targets = (
				D9CF3A772FE159CD00ECB6F7 /* Memories */,
				D9CF4B052FEA000000ECB6F7 /* MemoriesTests */,
				D9CA11092FF1000000000009 /* MemoriesWidgetExtension */,
			);
		};
/* End PBXProject section */

/* Begin PBXResourcesBuildPhase section */
		D9CA11072FF1000000000007 /* Resources */ = {
			isa = PBXResourcesBuildPhase;
			buildActionMask = 2147483647;
			files = (
			);
			runOnlyForDeploymentPostprocessing = 0;
		};
		D9CF3A762FE159CD00ECB6F7 /* Resources */ = {
			isa = PBXResourcesBuildPhase;
			buildActionMask = 2147483647;
			files = (
			);
			runOnlyForDeploymentPostprocessing = 0;
		};
		D9CF4B042FEA000000ECB6F7 /* Resources */ = {
			isa = PBXResourcesBuildPhase;
			buildActionMask = 2147483647;
			files = (
			);
			runOnlyForDeploymentPostprocessing = 0;
		};
/* End PBXResourcesBuildPhase section */

/* Begin PBXShellScriptBuildPhase section */
		D9CF3BEB2FE3B00000ECB6F7 /* Copy Debug StoreKit Configuration */ = {
			isa = PBXShellScriptBuildPhase;
			alwaysOutOfDate = 1;
			buildActionMask = 2147483647;
			files = (
			);
			inputFileListPaths = (
			);
			inputPaths = (
				"$(SRCROOT)/StoreKit/Memories.storekit",
			);
			name = "Copy Debug StoreKit Configuration";
			outputFileListPaths = (
			);
			outputPaths = (
				"$(TARGET_BUILD_DIR)/$(UNLOCALIZED_RESOURCES_FOLDER_PATH)/Memories.storekit",
			);
			runOnlyForDeploymentPostprocessing = 0;
			shellPath = /bin/sh;
			shellScript = "if [ \"$CONFIGURATION\" = \"Debug\" ]; then\n  STOREKIT_SOURCE=\"$SRCROOT/StoreKit/Memories.storekit\"\n  STOREKIT_DESTINATION=\"$TARGET_BUILD_DIR/$UNLOCALIZED_RESOURCES_FOLDER_PATH/Memories.storekit\"\n  if [ -f \"$STOREKIT_SOURCE\" ]; then\n    cp \"$STOREKIT_SOURCE\" \"$STOREKIT_DESTINATION\"\n  fi\nfi\n";
		};
/* End PBXShellScriptBuildPhase section */

/* Begin PBXSourcesBuildPhase section */
		D9CA11082FF1000000000008 /* Sources */ = {
			isa = PBXSourcesBuildPhase;
			buildActionMask = 2147483647;
			files = (
			);
			runOnlyForDeploymentPostprocessing = 0;
		};
		D9CF3A742FE159CD00ECB6F7 /* Sources */ = {
			isa = PBXSourcesBuildPhase;
			buildActionMask = 2147483647;
			files = (
			);
			runOnlyForDeploymentPostprocessing = 0;
		};
		D9CF4B032FEA000000ECB6F7 /* Sources */ = {
			isa = PBXSourcesBuildPhase;
			buildActionMask = 2147483647;
			files = (
			);
			runOnlyForDeploymentPostprocessing = 0;
		};
/* End PBXSourcesBuildPhase section */

/* Begin PBXTargetDependency section */
		D9CA110A2FF100000000000A /* PBXTargetDependency */ = {
			isa = PBXTargetDependency;
			target = D9CA11092FF1000000000009 /* MemoriesWidgetExtension */;
			targetProxy = D9CA11022FF1000000000002 /* PBXContainerItemProxy */;
		};
		D9CF4B092FEA000000ECB6F7 /* PBXTargetDependency */ = {
			isa = PBXTargetDependency;
			target = D9CF3A772FE159CD00ECB6F7 /* Memories */;
			targetProxy = D9CF4B0A2FEA000000ECB6F7 /* PBXContainerItemProxy */;
		};
/* End PBXTargetDependency section */

/* Begin XCBuildConfiguration section */
		D9CA110B2FF100000000000B /* Debug */ = {
			isa = XCBuildConfiguration;
			buildSettings = {
				APPLICATION_EXTENSION_API_ONLY = YES;
				CODE_SIGN_ENTITLEMENTS = MemoriesWidgetExtension/MemoriesWidgetExtension.entitlements;
				CODE_SIGN_STYLE = Automatic;
				CURRENT_PROJECT_VERSION = 1;
				DEVELOPMENT_TEAM = 8PV98WQSVZ;
				GENERATE_INFOPLIST_FILE = NO;
				INFOPLIST_FILE = MemoriesWidgetExtension/Info.plist;
				IPHONEOS_DEPLOYMENT_TARGET = 17.6;
				LD_RUNPATH_SEARCH_PATHS = (
					"$(inherited)",
					"@executable_path/Frameworks",
					"@executable_path/../../Frameworks",
				);
				MARKETING_VERSION = 1.2.0;
				PRODUCT_BUNDLE_IDENTIFIER = com.myfs716.Memories.MemoriesWidgetExtension;
				PRODUCT_NAME = "$(TARGET_NAME)";
				SKIP_INSTALL = YES;
				SWIFT_APPROACHABLE_CONCURRENCY = YES;
				SWIFT_DEFAULT_ACTOR_ISOLATION = MainActor;
				SWIFT_EMIT_LOC_STRINGS = YES;
				SWIFT_VERSION = 5.0;
				TARGETED_DEVICE_FAMILY = "1,2";
			};
			name = Debug;
		};
		D9CA110C2FF100000000000C /* Release */ = {
			isa = XCBuildConfiguration;
			buildSettings = {
				APPLICATION_EXTENSION_API_ONLY = YES;
				CODE_SIGN_ENTITLEMENTS = MemoriesWidgetExtension/MemoriesWidgetExtension.entitlements;
				CODE_SIGN_STYLE = Automatic;
				CURRENT_PROJECT_VERSION = 1;
				DEVELOPMENT_TEAM = 8PV98WQSVZ;
				GENERATE_INFOPLIST_FILE = NO;
				INFOPLIST_FILE = MemoriesWidgetExtension/Info.plist;
				IPHONEOS_DEPLOYMENT_TARGET = 17.6;
				LD_RUNPATH_SEARCH_PATHS = (
					"$(inherited)",
					"@executable_path/Frameworks",
					"@executable_path/../../Frameworks",
				);
				MARKETING_VERSION = 1.2.0;
				PRODUCT_BUNDLE_IDENTIFIER = com.myfs716.Memories.MemoriesWidgetExtension;
				PRODUCT_NAME = "$(TARGET_NAME)";
				SKIP_INSTALL = YES;
				SWIFT_APPROACHABLE_CONCURRENCY = YES;
				SWIFT_DEFAULT_ACTOR_ISOLATION = MainActor;
				SWIFT_EMIT_LOC_STRINGS = YES;
				SWIFT_VERSION = 5.0;
				TARGETED_DEVICE_FAMILY = "1,2";
			};
			name = Release;
		};
		D9CF3A812FE159CE00ECB6F7 /* Debug */ = {
			isa = XCBuildConfiguration;
			buildSettings = {
				ALWAYS_SEARCH_USER_PATHS = NO;
				ASSETCATALOG_COMPILER_GENERATE_SWIFT_ASSET_SYMBOL_EXTENSIONS = YES;
				CLANG_ANALYZER_NONNULL = YES;
				CLANG_ANALYZER_NUMBER_OBJECT_CONVERSION = YES_AGGRESSIVE;
				CLANG_CXX_LANGUAGE_STANDARD = "gnu++20";
				CLANG_ENABLE_MODULES = YES;
				CLANG_ENABLE_OBJC_ARC = YES;
				CLANG_ENABLE_OBJC_WEAK = YES;
				CLANG_WARN_BLOCK_CAPTURE_AUTORELEASING = YES;
				CLANG_WARN_BOOL_CONVERSION = YES;
				CLANG_WARN_COMMA = YES;
				CLANG_WARN_CONSTANT_CONVERSION = YES;
				CLANG_WARN_DEPRECATED_OBJC_IMPLEMENTATIONS = YES;
				CLANG_WARN_DIRECT_OBJC_ISA_USAGE = YES_ERROR;
				CLANG_WARN_DOCUMENTATION_COMMENTS = YES;
				CLANG_WARN_EMPTY_BODY = YES;
				CLANG_WARN_ENUM_CONVERSION = YES;
				CLANG_WARN_INFINITE_RECURSION = YES;
				CLANG_WARN_INT_CONVERSION = YES;
				CLANG_WARN_NON_LITERAL_NULL_CONVERSION = YES;
				CLANG_WARN_OBJC_IMPLICIT_RETAIN_SELF = YES;
				CLANG_WARN_OBJC_LITERAL_CONVERSION = YES;
				CLANG_WARN_OBJC_ROOT_CLASS = YES_ERROR;
				CLANG_WARN_QUOTED_INCLUDE_IN_FRAMEWORK_HEADER = YES;
				CLANG_WARN_RANGE_LOOP_ANALYSIS = YES;
				CLANG_WARN_STRICT_PROTOTYPES = YES;
				CLANG_WARN_SUSPICIOUS_MOVE = YES;
				CLANG_WARN_UNGUARDED_AVAILABILITY = YES_AGGRESSIVE;
				CLANG_WARN_UNREACHABLE_CODE = YES;
				CLANG_WARN__DUPLICATE_METHOD_MATCH = YES;
				COPY_PHASE_STRIP = NO;
				DEBUG_INFORMATION_FORMAT = dwarf;
				DEVELOPMENT_TEAM = 8PV98WQSVZ;
				ENABLE_STRICT_OBJC_MSGSEND = YES;
				ENABLE_TESTABILITY = YES;
				ENABLE_USER_SCRIPT_SANDBOXING = YES;
				GCC_C_LANGUAGE_STANDARD = gnu17;
				GCC_DYNAMIC_NO_PIC = NO;
				GCC_NO_COMMON_BLOCKS = YES;
				GCC_OPTIMIZATION_LEVEL = 0;
				GCC_PREPROCESSOR_DEFINITIONS = (
					"DEBUG=1",
					"$(inherited)",
				);
				GCC_WARN_64_TO_32_BIT_CONVERSION = YES;
				GCC_WARN_ABOUT_RETURN_TYPE = YES_ERROR;
				GCC_WARN_UNDECLARED_SELECTOR = YES;
				GCC_WARN_UNINITIALIZED_AUTOS = YES_AGGRESSIVE;
				GCC_WARN_UNUSED_FUNCTION = YES;
				GCC_WARN_UNUSED_VARIABLE = YES;
				IPHONEOS_DEPLOYMENT_TARGET = 26.5;
				LOCALIZATION_PREFERS_STRING_CATALOGS = YES;
				MTL_ENABLE_DEBUG_INFO = INCLUDE_SOURCE;
				MTL_FAST_MATH = YES;
				ONLY_ACTIVE_ARCH = YES;
				SDKROOT = iphoneos;
				SWIFT_ACTIVE_COMPILATION_CONDITIONS = "DEBUG $(inherited)";
				SWIFT_OPTIMIZATION_LEVEL = "-Onone";
			};
			name = Debug;
		};
		D9CF3A822FE159CE00ECB6F7 /* Release */ = {
			isa = XCBuildConfiguration;
			buildSettings = {
				ALWAYS_SEARCH_USER_PATHS = NO;
				ASSETCATALOG_COMPILER_GENERATE_SWIFT_ASSET_SYMBOL_EXTENSIONS = YES;
				CLANG_ANALYZER_NONNULL = YES;
				CLANG_ANALYZER_NUMBER_OBJECT_CONVERSION = YES_AGGRESSIVE;
				CLANG_CXX_LANGUAGE_STANDARD = "gnu++20";
				CLANG_ENABLE_MODULES = YES;
				CLANG_ENABLE_OBJC_ARC = YES;
				CLANG_ENABLE_OBJC_WEAK = YES;
				CLANG_WARN_BLOCK_CAPTURE_AUTORELEASING = YES;
				CLANG_WARN_BOOL_CONVERSION = YES;
				CLANG_WARN_COMMA = YES;
				CLANG_WARN_CONSTANT_CONVERSION = YES;
				CLANG_WARN_DEPRECATED_OBJC_IMPLEMENTATIONS = YES;
				CLANG_WARN_DIRECT_OBJC_ISA_USAGE = YES_ERROR;
				CLANG_WARN_DOCUMENTATION_COMMENTS = YES;
				CLANG_WARN_EMPTY_BODY = YES;
				CLANG_WARN_ENUM_CONVERSION = YES;
				CLANG_WARN_INFINITE_RECURSION = YES;
				CLANG_WARN_INT_CONVERSION = YES;
				CLANG_WARN_NON_LITERAL_NULL_CONVERSION = YES;
				CLANG_WARN_OBJC_IMPLICIT_RETAIN_SELF = YES;
				CLANG_WARN_OBJC_LITERAL_CONVERSION = YES;
				CLANG_WARN_OBJC_ROOT_CLASS = YES_ERROR;
				CLANG_WARN_QUOTED_INCLUDE_IN_FRAMEWORK_HEADER = YES;
				CLANG_WARN_RANGE_LOOP_ANALYSIS = YES;
				CLANG_WARN_STRICT_PROTOTYPES = YES;
				CLANG_WARN_SUSPICIOUS_MOVE = YES;
				CLANG_WARN_UNGUARDED_AVAILABILITY = YES_AGGRESSIVE;
				CLANG_WARN_UNREACHABLE_CODE = YES;
				CLANG_WARN__DUPLICATE_METHOD_MATCH = YES;
				COPY_PHASE_STRIP = NO;
				DEBUG_INFORMATION_FORMAT = "dwarf-with-dsym";
				DEVELOPMENT_TEAM = 8PV98WQSVZ;
				ENABLE_NS_ASSERTIONS = NO;
				ENABLE_STRICT_OBJC_MSGSEND = YES;
				ENABLE_USER_SCRIPT_SANDBOXING = YES;
				GCC_C_LANGUAGE_STANDARD = gnu17;
				GCC_NO_COMMON_BLOCKS = YES;
				GCC_WARN_64_TO_32_BIT_CONVERSION = YES;
				GCC_WARN_ABOUT_RETURN_TYPE = YES_ERROR;
				GCC_WARN_UNDECLARED_SELECTOR = YES;
				GCC_WARN_UNINITIALIZED_AUTOS = YES_AGGRESSIVE;
				GCC_WARN_UNUSED_FUNCTION = YES;
				GCC_WARN_UNUSED_VARIABLE = YES;
				IPHONEOS_DEPLOYMENT_TARGET = 26.5;
				LOCALIZATION_PREFERS_STRING_CATALOGS = YES;
				MTL_ENABLE_DEBUG_INFO = NO;
				MTL_FAST_MATH = YES;
				SDKROOT = iphoneos;
				SWIFT_COMPILATION_MODE = wholemodule;
				VALIDATE_PRODUCT = YES;
			};
			name = Release;
		};
		D9CF3A842FE159CE00ECB6F7 /* Debug */ = {
			isa = XCBuildConfiguration;
			buildSettings = {
				ASSETCATALOG_COMPILER_APPICON_NAME = AppIcon;
				ASSETCATALOG_COMPILER_GLOBAL_ACCENT_COLOR_NAME = AccentColor;
				CODE_SIGN_ENTITLEMENTS = Memories/Memories.entitlements;
				CODE_SIGN_STYLE = Automatic;
				CURRENT_PROJECT_VERSION = 1;
				DEVELOPMENT_TEAM = 8PV98WQSVZ;
				ENABLE_PREVIEWS = YES;
				GENERATE_INFOPLIST_FILE = NO;
				INFOPLIST_FILE = Memories/Info.plist;
				IPHONEOS_DEPLOYMENT_TARGET = 17.6;
				LD_RUNPATH_SEARCH_PATHS = (
					"$(inherited)",
					"@executable_path/Frameworks",
				);
				MARKETING_VERSION = 1.2.0;
				PRODUCT_BUNDLE_IDENTIFIER = com.myfs716.Memories;
				PRODUCT_NAME = "$(TARGET_NAME)";
				STRING_CATALOG_GENERATE_SYMBOLS = YES;
				SWIFT_APPROACHABLE_CONCURRENCY = YES;
				SWIFT_DEFAULT_ACTOR_ISOLATION = MainActor;
				SWIFT_EMIT_LOC_STRINGS = YES;
				SWIFT_UPCOMING_FEATURE_MEMBER_IMPORT_VISIBILITY = YES;
				SWIFT_VERSION = 5.0;
				TARGETED_DEVICE_FAMILY = "1,2";
			};
			name = Debug;
		};
		D9CF3A852FE159CE00ECB6F7 /* Release */ = {
			isa = XCBuildConfiguration;
			buildSettings = {
				ASSETCATALOG_COMPILER_APPICON_NAME = AppIcon;
				ASSETCATALOG_COMPILER_GLOBAL_ACCENT_COLOR_NAME = AccentColor;
				CODE_SIGN_ENTITLEMENTS = Memories/Memories.entitlements;
				CODE_SIGN_STYLE = Automatic;
				CURRENT_PROJECT_VERSION = 1;
				DEVELOPMENT_TEAM = 8PV98WQSVZ;
				ENABLE_PREVIEWS = YES;
				GENERATE_INFOPLIST_FILE = NO;
				INFOPLIST_FILE = Memories/Info.plist;
				IPHONEOS_DEPLOYMENT_TARGET = 17.6;
				LD_RUNPATH_SEARCH_PATHS = (
					"$(inherited)",
					"@executable_path/Frameworks",
				);
				MARKETING_VERSION = 1.2.0;
				PRODUCT_BUNDLE_IDENTIFIER = com.myfs716.Memories;
				PRODUCT_NAME = "$(TARGET_NAME)";
				STRING_CATALOG_GENERATE_SYMBOLS = YES;
				SWIFT_APPROACHABLE_CONCURRENCY = YES;
				SWIFT_DEFAULT_ACTOR_ISOLATION = MainActor;
				SWIFT_EMIT_LOC_STRINGS = YES;
				SWIFT_UPCOMING_FEATURE_MEMBER_IMPORT_VISIBILITY = YES;
				SWIFT_VERSION = 5.0;
				TARGETED_DEVICE_FAMILY = "1,2";
			};
			name = Release;
		};
		D9CF4B072FEA000000ECB6F7 /* Debug */ = {
			isa = XCBuildConfiguration;
			buildSettings = {
				BUNDLE_LOADER = "$(TEST_HOST)";
				CODE_SIGN_STYLE = Automatic;
				CURRENT_PROJECT_VERSION = 1;
				DEVELOPMENT_TEAM = 8PV98WQSVZ;
				GENERATE_INFOPLIST_FILE = YES;
				IPHONEOS_DEPLOYMENT_TARGET = 17.6;
				LD_RUNPATH_SEARCH_PATHS = (
					"$(inherited)",
					"@executable_path/Frameworks",
					"@loader_path/Frameworks",
				);
				MARKETING_VERSION = 1.2.0;
				PRODUCT_BUNDLE_IDENTIFIER = com.myfs716.MemoriesTests;
				PRODUCT_NAME = "$(TARGET_NAME)";
				SWIFT_APPROACHABLE_CONCURRENCY = YES;
				SWIFT_DEFAULT_ACTOR_ISOLATION = MainActor;
				SWIFT_VERSION = 5.0;
				TARGETED_DEVICE_FAMILY = "1,2";
				TEST_HOST = "$(BUILT_PRODUCTS_DIR)/Memories.app/$(BUNDLE_EXECUTABLE_FOLDER_PATH)/Memories";
			};
			name = Debug;
		};
		D9CF4B082FEA000000ECB6F7 /* Release */ = {
			isa = XCBuildConfiguration;
			buildSettings = {
				BUNDLE_LOADER = "$(TEST_HOST)";
				CODE_SIGN_STYLE = Automatic;
				CURRENT_PROJECT_VERSION = 1;
				DEVELOPMENT_TEAM = 8PV98WQSVZ;
				GENERATE_INFOPLIST_FILE = YES;
				IPHONEOS_DEPLOYMENT_TARGET = 17.6;
				LD_RUNPATH_SEARCH_PATHS = (
					"$(inherited)",
					"@executable_path/Frameworks",
					"@loader_path/Frameworks",
				);
				MARKETING_VERSION = 1.2.0;
				PRODUCT_BUNDLE_IDENTIFIER = com.myfs716.MemoriesTests;
				PRODUCT_NAME = "$(TARGET_NAME)";
				SWIFT_APPROACHABLE_CONCURRENCY = YES;
				SWIFT_DEFAULT_ACTOR_ISOLATION = MainActor;
				SWIFT_VERSION = 5.0;
				TARGETED_DEVICE_FAMILY = "1,2";
				TEST_HOST = "$(BUILT_PRODUCTS_DIR)/Memories.app/$(BUNDLE_EXECUTABLE_FOLDER_PATH)/Memories";
			};
			name = Release;
		};
/* End XCBuildConfiguration section */

/* Begin XCConfigurationList section */
		D9CA110D2FF100000000000D /* Build configuration list for PBXNativeTarget "MemoriesWidgetExtension" */ = {
			isa = XCConfigurationList;
			buildConfigurations = (
				D9CA110B2FF100000000000B /* Debug */,
				D9CA110C2FF100000000000C /* Release */,
			);
			defaultConfigurationIsVisible = 0;
			defaultConfigurationName = Release;
		};
		D9CF3A732FE159CD00ECB6F7 /* Build configuration list for PBXProject "Memories" */ = {
			isa = XCConfigurationList;
			buildConfigurations = (
				D9CF3A812FE159CE00ECB6F7 /* Debug */,
				D9CF3A822FE159CE00ECB6F7 /* Release */,
			);
			defaultConfigurationIsVisible = 0;
			defaultConfigurationName = Release;
		};
		D9CF3A832FE159CE00ECB6F7 /* Build configuration list for PBXNativeTarget "Memories" */ = {
			isa = XCConfigurationList;
			buildConfigurations = (
				D9CF3A842FE159CE00ECB6F7 /* Debug */,
				D9CF3A852FE159CE00ECB6F7 /* Release */,
			);
			defaultConfigurationIsVisible = 0;
			defaultConfigurationName = Release;
		};
		D9CF4B062FEA000000ECB6F7 /* Build configuration list for PBXNativeTarget "MemoriesTests" */ = {
			isa = XCConfigurationList;
			buildConfigurations = (
				D9CF4B072FEA000000ECB6F7 /* Debug */,
				D9CF4B082FEA000000ECB6F7 /* Release */,
			);
			defaultConfigurationIsVisible = 0;
			defaultConfigurationName = Release;
		};
/* End XCConfigurationList section */
	};
	rootObject = D9CF3A702FE159CD00ECB6F7 /* Project object */;
}
